
Microsoft Visual Studio Solution File, Format Version 12.00
# Visual Studio Version 17
VisualStudioVersion = 17.13.35818.85
MinimumVisualStudioVersion = 10.0.40219.1
Project("{FAE04EC0-301F-11D3-BF4B-00C04F79EFBC}") = "EuroLink", "EuroLink\EuroLink.csproj", "{2ACD9905-2336-4963-A699-92BE3279AF84}"
EndProject
Project("{FAE04EC0-301F-11D3-BF4B-00C04F79EFBC}") = "EULib", "EULib\EULib.csproj", "{26B2737E-D636-4227-9A69-0C88362A7053}"
EndProject
Project("{FAE04EC0-301F-11D3-BF4B-00C04F79EFBC}") = "EUTest", "EUTest\EUTest.csproj", "{943AF563-6811-4132-9527-AFB0CE332A01}"
EndProject
Global
	GlobalSection(SolutionConfigurationPlatforms) = preSolution
		Debug|Any CPU = Debug|Any CPU
		Release|Any CPU = Release|Any CPU
	EndGlobalSection
	GlobalSection(ProjectConfigurationPlatforms) = postSolution
		{2ACD9905-2336-4963-A699-92BE3279AF84}.Debug|Any CPU.ActiveCfg = Debug|Any CPU
		{2ACD9905-2336-4963-A699-92BE3279AF84}.Debug|Any CPU.Build.0 = Debug|Any CPU
		{2ACD9905-2336-4963-A699-92BE3279AF84}.Release|Any CPU.ActiveCfg = Release|Any CPU
		{2ACD9905-2336-4963-A699-92BE3279AF84}.Release|Any CPU.Build.0 = Release|Any CPU
		{26B2737E-D636-4227-9A69-0C88362A7053}.Debug|Any CPU.ActiveCfg = Debug|Any CPU
		{26B2737E-D636-4227-9A69-0C88362A7053}.Debug|Any CPU.Build.0 = Debug|Any CPU
		{26B2737E-D636-4227-9A69-0C88362A7053}.Release|Any CPU.ActiveCfg = Release|Any CPU
		{26B2737E-D636-4227-9A69-0C88362A7053}.Release|Any CPU.Build.0 = Release|Any CPU
		{943AF563-6811-4132-9527-AFB0CE332A01}.Debug|Any CPU.ActiveCfg = Debug|Any CPU
		{943AF563-6811-4132-9527-AFB0CE332A01}.Debug|Any CPU.Build.0 = Debug|Any CPU
		{943AF563-6811-4132-9527-AFB0CE332A01}.Release|Any CPU.ActiveCfg = Release|Any CPU
		{943AF563-6811-4132-9527-AFB0CE332A01}.Release|Any CPU.Build.0 = Release|Any CPU
	EndGlobalSection
	GlobalSection(SolutionProperties) = preSolution
		HideSolutionNode = FALSE
	EndGlobalSection
	GlobalSection(ExtensibilityGlobals) = postSolution
		SolutionGuid = {6BF0BF3B-4CF6-4DAF-A727-9ACE961183F4}
	EndGlobalSection
EndGlobal
